# This file is automatically @generated by Poetry 2.4.1 and should not be changed by hand.

[[package]]
name = "beautifulsoup4"
version = "4.15.0"
description = "Screen-scraping library"
optional = false
python-versions = ">=3.7.0"
groups = ["main"]
files = [
    {file = "beautifulsoup4-4.15.0-py3-none-any.whl", hash = "sha256:d6f88de62e1d4e38ecb1077eb9724cd0eff29d2a08ca16a401e9b9e93f117cf9"},
    {file = "beautifulsoup4-4.15.0.tar.gz", hash = "sha256:288e3ca7d54b06f2ac191970bc275c1939cb46d450b255bf6718b04aa37ab4f7"},
]

[package.dependencies]
soupsieve = ">=1.6.1"
typing-extensions = ">=4.0.0"

[package.extras]
cchardet = ["cchardet"]
chardet = ["chardet"]
charset-normalizer = ["charset-normalizer"]
html5lib = ["html5lib"]
lxml = ["lxml"]

[[package]]
name = "bs4"
version = "0.0.2"
description = "Dummy package for Beautiful Soup (beautifulsoup4)"
optional = false
python-versions = "*"
groups = ["main"]
files = [
    {file = "bs4-0.0.2-py2.py3-none-any.whl", hash = "sha256:abf8742c0805ef7f662dce4b51cca104cffe52b835238afc169142ab9b3fbccc"},
    {file = "bs4-0.0.2.tar.gz", hash = "sha256:a48685c58f50fe127722417bae83fe6badf500d54b55f7e39ffe43b798653925"},
]

[package.dependencies]
beautifulsoup4 = "*"

[[package]]
name = "greenlet"
version = "3.5.4"
description = "Lightweight in-process concurrent programming"
optional = false
python-versions = ">=3.10"
groups = ["main"]
files = [
    {file = "greenlet-3.5.4-cp310-cp310-macosx_11_0_universal2.whl", hash = "sha256:ac5bf81d79d2c8eeb2ef6359b2e1687a1e9ebf46c2b1f970da9a9255df51d190"},
    {file = "greenlet-3.5.4-cp310-cp310-manylinux_2_24_aarch64.manylinux_2_28_aarch64.whl", hash = "sha256:89f3738167bab8c1084b94e23023d41d247117ac149fa0fbcb5bd4cf6262b353"},
    {file = "greenlet-3.5.4-cp310-cp310-manylinux_2_24_ppc64le.manylinux_2_28_ppc64le.whl", hash = "sha256:e9a5e3406e3ed8125ae1a3b37c12f3434e2b1f0fa053197c5557895b4fb09606"},
    {file = "greenlet-3.5.4-cp310-cp310-manylinux_2_24_s390x.manylinux_2_28_s390x.whl", hash = "sha256:a2d614cb2372c7101a12ea8b96dd56f81c986d247c5a73db67063f3ed1ca4a52"},
    {file = "greenlet-3.5.4-cp310-cp310-manylinux_2_24_x86_64.manylinux_2_28_x86_64.whl", hash = "sha256:4ab9f0704bccf6d3b38e0d2130b7b33271cff11453690da074fa280c3aa8e8e7"},
    {file = "greenlet-3.5.4-cp310-cp310-manylinux_2_39_riscv64.whl", hash = "sha256:188e4d142f243051d92a1f5c244a741da02dddc070a0620c842804d7b56d008c"},
    {file = "greenlet-3.5.4-cp310-cp310-musllinux_1_2_aarch64.whl", hash = "sha256:2cdaadc3d31445a8f782bde3cd37e49a2c2a9c6da6daf76a3e34c683b271a3c7"},
    {file = "greenlet-3.5.4-cp310-cp310-musllinux_1_2_x86_64.whl", hash = "sha256:70bdfacdc183dac838b2a0aaff2dd6134a457c52fe68a9c6bbab435483d2b9df"},
    {file = "greenlet-3.5.4-cp310-cp310-win_amd64.whl", hash = "sha256:69173331fbc5d64bfac0065d7e22c39cfcd089e9b18d125bdcd5079363b09616"},
    {file = "greenlet-3.5.4-cp311-cp311-macosx_11_0_universal2.whl", hash = "sha256:e883de250e299654b1f1680f72a1a9f9ba62c9bd1bce84099c90657349a8dfbb"},
    {file = "greenlet-3.5.4-cp311-cp311-manylinux_2_24_aarch64.manylinux_2_28_aarch64.whl", hash = "sha256:32802705c2c1ff25e8237b3bdacf2594fa02be80af8a66703eb7853ea7e68686"},
    {file = "greenlet-3.5.4-cp311-cp311-manylinux_2_24_ppc64le.manylinux_2_28_ppc64le.whl", hash = "sha256:57aa201b351f7c7c75627c60d29e4d5b97a07d37efeb62b903466fca42c097d7"},
    {file = "greenlet-3.5.4-cp311-cp311-manylinux_2_24_s390x.manylinux_2_28_s390x.whl", hash = "sha256:9667862a2e38ad379f11b845daeda22c8989186def44f06962c9c4c05e556da7"},
    {file = "greenlet-3.5.4-cp311-cp311-manylinux_2_24_x86_64.manylinux_2_28_x86_64.whl", hash = "sha256:c3fe76c2cac86b4f7a1e92865ac0a54384deb05c92986287c1a7110d9bd53071"},
    {file = "greenlet-3.5.4-cp311-cp311-manylinux_2_39_riscv64.whl", hash = "sha256:ae53534b5dec0f4c2ec26f898f538dc8ea1ca3ef2927d597a9439e40a09da937"},
    {file = "greenlet-3.5.4-cp311-cp311-musllinux_1_2_aarch64.whl", hash = "sha256:1e1a4a684b16c45ba324e60b32a4386a87722bcb815d2a149d2182f9b401ca72"},
    {file = "greenlet-3.5.4-cp311-cp311-musllinux_1_2_x86_64.whl", hash = "sha256:e849e6e139b9671adeac505f72fc05f4af7fd1921faef40295e214fc3b361b59"},
    {file = "greenlet-3.5.4-cp311-cp311-win_amd64.whl", hash = "sha256:dc418cf4c873357964d6624445ed09472e50def990c65dd4e76fc3ba8cd9cef6"},
    {file = "greenlet-3.5.4-cp311-cp311-win_arm64.whl", hash = "sha256:c38c902a0986eba1f6e7ba1ab39ad5195926abde90f3fe080e08212db62176da"},
    {file = "greenlet-3.5.4-cp312-cp312-macosx_11_0_universal2.whl", hash = "sha256:3d66250e8b09f182ede05490998c818b5961f7a3640332d44c4927caec7bbfe4"},
    {file = "greenlet-3.5.4-cp312-cp312-manylinux_2_24_aarch64.manylinux_2_28_aarch64.whl", hash = "sha256:c90e930c9c192e5b3ee9fb8bcd920ea3926155e2e3ded39fc697323addecee17"},
    {file = "greenlet-3.5.4-cp312-cp312-manylinux_2_24_ppc64le.manylinux_2_28_ppc64le.whl", hash = "sha256:791fdfeeb9c6e0c7b10fa151bf110d2a6974866f13dcb5b1c7efae698245893a"},
    {file = "greenlet-3.5.4-cp312-cp312-manylinux_2_24_s390x.manylinux_2_28_s390x.whl", hash = "sha256:b7c895310363f310361e0fe2072af85269d2a2a285cd04c0c59e79a5e3670dcf"},
    {file = "greenlet-3.5.4-cp312-cp312-manylinux_2_24_x86_64.manylinux_2_28_x86_64.whl", hash = "sha256:f88193799d43dbf8c8a806d6405c9c52fe2af40bf75072a606357b33cc336c7f"},
    {file = "greenlet-3.5.4-cp312-cp312-manylinux_2_39_riscv64.whl", hash = "sha256:13b980043cb1b3134e81ea469da1250ddcc6bfe6d245bbaa59168d9cdc8f228f"},
    {file = "greenlet-3.5.4-cp312-cp312-musllinux_1_2_aarch64.whl", hash = "sha256:b7a5f095767c4493afcd06067f2bb3b8716e3f3f9e92b99c88e7e99f885b3d4d"},
    {file = "greenlet-3.5.4-cp312-cp312-musllinux_1_2_x86_64.whl", hash = "sha256:42afdc1ab5f66da8c586c32af9224a74a706b4f0ea0dc3a4188a0860a09c65c9"},
    {file = "greenlet-3.5.4-cp312-cp312-win_amd64.whl", hash = "sha256:60149df8f462d1b230038e6590c23c3b4768bb5d6c022b3b6e82532b34b0b8a3"},
    {file = "greenlet-3.5.4-cp312-cp312-win_arm64.whl", hash = "sha256:77d6ce04fed0d9aeed42e0f37923cc43eba9b027bdd9c34546bb4ccd143d0fe0"},
    {file = "greenlet-3.5.4-cp313-cp313-macosx_11_0_universal2.whl", hash = "sha256:24e61b88cb7e1b1d794b32a10cc346ac779681d6d74ff137a3e0a444d2bf1f02"},
    {file = "greenlet-3.5.4-cp313-cp313-manylinux_2_24_aarch64.manylinux_2_28_aarch64.whl", hash = "sha256:870d730fec833f5a06906a32596cc099b9161594642a92a520b7a88911c95356"},
    {file = "greenlet-3.5.4-cp313-cp313-manylinux_2_24_ppc64le.manylinux_2_28_ppc64le.whl", hash = "sha256:ec5ff0d1878df6af3bf9b638a5a92a7d5693291de77c91bff10fa48519c604ef"},
    {file = "greenlet-3.5.4-cp313-cp313-manylinux_2_24_s390x.manylinux_2_28_s390x.whl", hash = "sha256:07bd44616608d873d06735b63ef1a88191d6ca57c8d291d6559c71bc14c0893c"},
    {file = "greenlet-3.5.4-cp313-cp313-manylinux_2_24_x86_64.manylinux_2_28_x86_64.whl", hash = "sha256:d84d993f6e575c950d91a23c1345d18fe1a4310d447bf630849d7809196b52f0"},
    {file = "greenlet-3.5.4-cp313-cp313-manylinux_2_39_riscv64.whl", hash = "sha256:3529a8a933582ad19e224792cac7372489526576b75b4c124e8e4f29948f4861"},
    {file = "greenlet-3.5.4-cp313-cp313-musllinux_1_2_aarch64.whl", hash = "sha256:58023945f421093de5e6fa108c0985a8659d43f49e0216da25099369a121bcbd"},
    {file = "greenlet-3.5.4-cp313-cp313-musllinux_1_2_x86_64.whl", hash = "sha256:bae2728e1897aa8df8cb1af38cd48b3a743aefe29372de7b8b7a9f532501e69f"},
    {file = "greenlet-3.5.4-cp313-cp313-win_amd64.whl", hash = "sha256:ca5726c0b08ca35ae873557266a78b2c3f3b2b7d7401aa5ff886c2045dd0111c"},
    {file = "greenlet-3.5.4-cp313-cp313-win_arm64.whl", hash = "sha256:7c1303791d603080cac6fc3b34df51c3b75b723739c282c8029e48a0d241672f"},
    {file = "greenlet-3.5.4-cp314-cp314-macosx_11_0_universal2.whl", hash = "sha256:7e8afa5eac028f8140ceafe5ceec66e6aa127ddcb21452d2a564dcd2900b5f22"},
    {file = "greenlet-3.5.4-cp314-cp314-manylinux_2_24_aarch64.manylinux_2_28_aarch64.whl", hash = "sha256:73b37afe369021423ea53dd3123e04bffa7e93ac64429b9f50835b2e4fcae7cf"},
    {file = "greenlet-3.5.4-cp314-cp314-manylinux_2_24_ppc64le.manylinux_2_28_ppc64le.whl", hash = "sha256:3ef964f56dfcb6f9bbef2a190d9126795eac408716aeae47b5e7c73c32aafca9"},
    {file = "greenlet-3.5.4-cp314-cp314-manylinux_2_24_s390x.manylinux_2_28_s390x.whl", hash = "sha256:cef589bc65fae02d10bca2ac341191c5b33acc2967892ebf4fcbd10eabb7a74c"},
    {file = "greenlet-3.5.4-cp314-cp314-manylinux_2_24_x86_64.manylinux_2_28_x86_64.whl", hash = "sha256:9c53ff01a5c53a40f2c16820ebc56d7c61a77f5fbe009dadd96292d5682f80f8"},
    {file = "greenlet-3.5.4-cp314-cp314-manylinux_2_39_riscv64.whl", hash = "sha256:dfc41ae893d9ceaf22c824f2153a88b30651b20e8758c2cd9ac143f23640563c"},
    {file = "greenlet-3.5.4-cp314-cp314-musllinux_1_2_aarch64.whl", hash = "sha256:ecca4d80d55a01ad6b23b33262662956149fbb7b2c6be2910f1705921958cbf3"},
    {file = "greenlet-3.5.4-cp314-cp314-musllinux_1_2_x86_64.whl", hash = "sha256:2ffbc533e0eaf8e80d8471411646ab88fe58f641d508c0b02b24494479f4d9ec"},
    {file = "greenlet-3.5.4-cp314-cp314-win_amd64.whl", hash = "sha256:305f69e6c4523d7f6979ed001cff4e5853c063e5da04880296603aa0227e544c"},
    {file = "greenlet-3.5.4-cp314-cp314-win_arm64.whl", hash = "sha256:f260930bbbbcf9caee661211235a5111c86dfe5832fdf6ae4570da1e0995320f"},
    {file = "greenlet-3.5.4-cp314-cp314t-macosx_11_0_universal2.whl", hash = "sha256:41ddab54e4b238f4a6c323f39b4e59e176affd5a94d461a9fb7583dac74240a3"},
    {file = "greenlet-3.5.4-cp314-cp314t-manylinux_2_24_aarch64.manylinux_2_28_aarch64.whl", hash = "sha256:b3dabe3e2809013052c68bdf0b7fa5f5f2859c43a80803131ad61af9cabd7867"},
    {file = "greenlet-3.5.4-cp314-cp314t-manylinux_2_24_ppc64le.manylinux_2_28_ppc64le.whl", hash = "sha256:27d3f00718634d4520a3a150154ac5da36f257869d41321953375b90bfbbc72c"},
    {file = "greenlet-3.5.4-cp314-cp314t-manylinux_2_24_s390x.manylinux_2_28_s390x.whl", hash = "sha256:39169a11d87a6a263afda3e9a27d1df16d0f919d40a4837cc73986c9884c0dd8"},
    {file = "greenlet-3.5.4-cp314-cp314t-manylinux_2_24_x86_64.manylinux_2_28_x86_64.whl", hash = "sha256:cbd60b5763c6543c1827e48faaf14ea9bfbad245f52b1a4d76a2a2d8884c6c66"},
    {file = "greenlet-3.5.4-cp314-cp314t-manylinux_2_39_riscv64.whl", hash = "sha256:bd3d1145f603b2db19feb9078c2e6855eb7c67e15580c010ed815cee519b86fd"},
    {file = "greenlet-3.5.4-cp314-cp314t-musllinux_1_2_aarch64.whl", hash = "sha256:f00f910f0e7b35416c63b23ad78b769aeccfc1775f712b43c4ee525624a2eef7"},
    {file = "greenlet-3.5.4-cp314-cp314t-musllinux_1_2_x86_64.whl", hash = "sha256:91c26423753b92caf41ab3f98fd547d7374d4d9fc2d85be041886c1579d9255e"},
    {file = "greenlet-3.5.4-cp314-cp314t-win_amd64.whl", hash = "sha256:ee032b91fd8ec29ec6c4cea2b8c561b178435134bd0752c7334b94e9c736c132"},
    {file = "greenlet-3.5.4-cp315-cp315-macosx_11_0_universal2.whl", hash = "sha256:178111881dd7a6c946471fda85485ec796e1043c2b939f694b096e2ecf986809"},
    {file = "greenlet-3.5.4-cp315-cp315-manylinux_2_24_aarch64.manylinux_2_28_aarch64.whl", hash = "sha256:d92df08dd65fede97fc37aad36c2e9dcda3b31c467f8e0c2c096456cb818e927"},
    {file = "greenlet-3.5.4-cp315-cp315-manylinux_2_24_ppc64le.manylinux_2_28_ppc64le.whl", hash = "sha256:99e8f8c4ebc4fd80aa26c1280ae9ad43a0976e786349703a181cf0bae60413e5"},
    {file = "greenlet-3.5.4-cp315-cp315-manylinux_2_24_s390x.manylinux_2_28_s390x.whl", hash = "sha256:1f17e362d78e37559e0506c5a7d066bdd45073c36a0127a543e8a0df27242ff3"},
    {file = "greenlet-3.5.4-cp315-cp315-manylinux_2_24_x86_64.manylinux_2_28_x86_64.whl", hash = "sha256:394de08dad5ffcb1f50c2159d93e398d9d2da3ed437645eaa54771fa720db9f0"},
    {file = "greenlet-3.5.4-cp315-cp315-manylinux_2_39_riscv64.whl", hash = "sha256:cd320d998cbaa032932830448e39abf3c6a12901295e386e8114db926e10cffb"},
    {file = "greenlet-3.5.4-cp315-cp315-musllinux_1_2_aarch64.whl", hash = "sha256:c883d61f2282d72c767a14936641b3efcbde9d82f1080712aaea0b1d3126cb88"},
    {file = "greenlet-3.5.4-cp315-cp315-musllinux_1_2_x86_64.whl", hash = "sha256:2a924f15d17957e252a810acefcb5942f5ca712298e8b6fcaed9a307d357522c"},
    {file = "greenlet-3.5.4-cp315-cp315-win_amd64.whl", hash = "sha256:ed17e5f3420360d5b459de8462efb52060399a5326a613d4cde31cef63ef95da"},
    {file = "greenlet-3.5.4-cp315-cp315-win_arm64.whl", hash = "sha256:f908898d6fa484ce4b6f447ce70ea99b52c503fee419e53cf74d60a16bc9e667"},
    {file = "greenlet-3.5.4-cp315-cp315t-macosx_11_0_universal2.whl", hash = "sha256:1833637f17d5e7472548a48575c394fe39f1b1890d676d162d86593610f44d8c"},
    {file = "greenlet-3.5.4-cp315-cp315t-manylinux_2_24_aarch64.manylinux_2_28_aarch64.whl", hash = "sha256:12cda9122e03341f1cb6b8207a19d7a9d375e52f1b4e9243918375f40fd7b4b9"},
    {file = "greenlet-3.5.4-cp315-cp315t-manylinux_2_24_ppc64le.manylinux_2_28_ppc64le.whl", hash = "sha256:d83ae0e32d14957ab7170785a20f582635c8474deab1bfbb552b17e769a6ce25"},
    {file = "greenlet-3.5.4-cp315-cp315t-manylinux_2_24_s390x.manylinux_2_28_s390x.whl", hash = "sha256:123aa379c962ed5fe90a880327e0c3066124ac64ec99e12a238be9fd8eb3db3d"},
    {file = "greenlet-3.5.4-cp315-cp315t-manylinux_2_24_x86_64.manylinux_2_28_x86_64.whl", hash = "sha256:9f1467de1bb767f75db0aa34c195e3a496d8d1278c796e70c24ce205d3e99cde"},
    {file = "greenlet-3.5.4-cp315-cp315t-manylinux_2_39_riscv64.whl", hash = "sha256:adf2244d7f69409925a8f22ed22cc5f93cdfe5c9dc87ff3476be2c2aaae61a05"},
    {file = "greenlet-3.5.4-cp315-cp315t-musllinux_1_2_aarch64.whl", hash = "sha256:0fa53040b78b578120eecdc0265e3f1051487cc425d11a2b7c761daadf4feaa8"},
    {file = "greenlet-3.5.4-cp315-cp315t-musllinux_1_2_x86_64.whl", hash = "sha256:60e0bc961d367df506660e9ac0177a76bc6d81305300704b0977d1634f76efe2"},
    {file = "greenlet-3.5.4-cp315-cp315t-win_amd64.whl", hash = "sha256:f680e549edb3eaf21eea4e7fe101e15ec180c74b7879ab46adc080f22d4015d2"},
    {file = "greenlet-3.5.4-cp315-cp315t-win_arm64.whl", hash = "sha256:08fc36de8442d5c3e95b044550dbea9bf144d31ec0cc58e36fb241cb6ef6a994"},
    {file = "greenlet-3.5.4.tar.gz", hash = "sha256:0232ae1de90a8e07867bb127d7a6ba2301e859145489f25cda8a6096dabe1d20"},
]

[package.extras]
docs = ["Sphinx", "furo"]
test = ["objgraph", "psutil", "setuptools"]

[[package]]
name = "playwright"
version = "1.62.0"
description = "A high-level API to automate web browsers"
optional = false
python-versions = ">=3.10"
groups = ["main"]
files = [
    {file = "playwright-1.62.0-py3-none-macosx_10_13_x86_64.whl", hash = "sha256:d8da938f3748841a8754f2e1f0216902c1c8f8ae3720de8b32ccf8e6913a7c4f"},
    {file = "playwright-1.62.0-py3-none-macosx_11_0_arm64.whl", hash = "sha256:db755ab27db21a04186f1fe8169888e42356086e439b1059b923ef417f0b6034"},
    {file = "playwright-1.62.0-py3-none-macosx_11_0_universal2.whl", hash = "sha256:5108bd5b3e87169ddf269feee097da5893af7f8aea4634dfc840518d64c1f1da"},
    {file = "playwright-1.62.0-py3-none-manylinux1_x86_64.whl", hash = "sha256:ba33bae6a13b3d9d354c751cb618af357d20fe1d57767cbcce52079bbef17ad3"},
    {file = "playwright-1.62.0-py3-none-manylinux_2_17_aarch64.manylinux2014_aarch64.whl", hash = "sha256:db2d76613a57ad844362ce42f7d0c2fa26b19a4f7a46d4f76b891c631e6e5aff"},
    {file = "playwright-1.62.0-py3-none-win32.whl", hash = "sha256:e5614fa89355d7081457680324bb219f79f69c423c5cb6fa250e30b0d8aebf1c"},
    {file = "playwright-1.62.0-py3-none-win_amd64.whl", hash = "sha256:92c0d98ed04eb35af557b709875edba415b1f548bdb22ddb5bb3e1e6c835c2f1"},
    {file = "playwright-1.62.0-py3-none-win_arm64.whl", hash = "sha256:ea8d3055aa9d5a9f1832ac82517bd8b42c78fac7ebcbebb0107116735c8cb6a1"},
]

[package.dependencies]
greenlet = ">=3.1.1,<4.0.0"
pyee = ">=13,<14"

[[package]]
name = "pyee"
version = "13.0.1"
description = "A rough port of Node.js's EventEmitter to Python with a few tricks of its own"
optional = false
python-versions = ">=3.8"
groups = ["main"]
files = [
    {file = "pyee-13.0.1-py3-none-any.whl", hash = "sha256:af2f8fede4171ef667dfded53f96e2ed0d6e6bd7ee3bb46437f77e3b57689228"},
    {file = "pyee-13.0.1.tar.gz", hash = "sha256:0b931f7c14535667ed4c7e0d531716368715e860b988770fc7eb8578d1f67fc8"},
]

[package.dependencies]
typing-extensions = "*"

[package.extras]
dev = ["black", "build", "flake8", "flake8-black", "isort", "jupyter-console", "mkdocs", "mkdocs-include-markdown-plugin", "mkdocstrings[python]", "mypy", "pytest", "pytest-asyncio ; python_version >= \"3.4\"", "pytest-trio ; python_version >= \"3.7\"", "sphinx", "toml", "tox", "trio", "trio ; python_version > \"3.6\"", "trio-typing ; python_version > \"3.6\"", "twine", "twisted", "validate-pyproject[all]"]

[[package]]
name = "soupsieve"
version = "2.9.2"
description = "A modern CSS selector implementation for Beautiful Soup."
optional = false
python-versions = ">=3.10"
groups = ["main"]
files = [
    {file = "soupsieve-2.9.2-py3-none-any.whl", hash = "sha256:8089a26fd974ca7a1f30276d3d8492ab266ab15af581642dfe8aa162e0c1c823"},
    {file = "soupsieve-2.9.2.tar.gz", hash = "sha256:4a55d8cf158a9c2e587fa4922f1bbb91d68ac829e2d6f25403a85747c71daf74"},
]

[[package]]
name = "typing-extensions"
version = "4.16.0"
description = "Backported and Experimental Type Hints for Python 3.9+"
optional = false
python-versions = ">=3.9"
groups = ["main"]
files = [
    {file = "typing_extensions-4.16.0-py3-none-any.whl", hash = "sha256:481caa481374e813c1b176ada14e97f1f67a4539ce9cfeb3f350d78d6370c2e8"},
    {file = "typing_extensions-4.16.0.tar.gz", hash = "sha256:dc983d19a509c94dba722ee6abd33940f7c05a89e243c47e907eb4db6f1a43e5"},
]

[metadata]
lock-version = "2.1"
python-versions = ">=3.13"
content-hash = "bc644ac9fe5b3721cd84903c6b7e3bcd674a6ee92fa0a5339b6dcd3dc8478274"
